
Microsoft Visual Studio Solution File, Format Version 12.00
# Visual Studio Version 17
VisualStudioVersion = 17.2.32630.192
MinimumVisualStudioVersion = 10.0.40219.1
Project("{FAE04EC0-301F-11D3-BF4B-00C04F79EFBC}") = "srcZip", "srcZip\srcZip.csproj", "{C2DBD234-C8AC-404E-9305-F612497151BD}"
EndProject
Global
	GlobalSection(SolutionConfigurationPlatforms) = preSolution
		Debug|Any CPU = Debug|Any CPU
		Release|Any CPU = Release|Any CPU
	EndGlobalSection
	GlobalSection(ProjectConfigurationPlatforms) = postSolution
		{C2DBD234-C8AC-404E-9305-F612497151BD}.Debug|Any CPU.ActiveCfg = Debug|Any CPU
		{C2DBD234-C8AC-404E-9305-F612497151BD}.Debug|Any CPU.Build.0 = Debug|Any CPU
		{C2DBD234-C8AC-404E-9305-F612497151BD}.Release|Any CPU.ActiveCfg = Release|Any CPU
		{C2DBD234-C8AC-404E-9305-F612497151BD}.Release|Any CPU.Build.0 = Release|Any CPU
	EndGlobalSection
	GlobalSection(SolutionProperties) = preSolution
		HideSolutionNode = FALSE
	EndGlobalSection
	GlobalSection(ExtensibilityGlobals) = postSolution
		SolutionGuid = {59232105-615B-4CD3-9DD7-A743F20F7526}
	EndGlobalSection
EndGlobal
